// !$*UTF8*$!
{
	archiveVersion = 1;
	classes = {
	};
	objectVersion = 50;
	objects = {

/* Begin PBXBuildFile section */
		E00B473A2885A0CB009D13DF /* PokemonModel.swift in Sources */ = {isa = PBXBuildFile; fileRef = E00B47392885A0CB009D13DF /* PokemonModel.swift */; };
		E00B473C2885D6E4009D13DF /* Service.swift in Sources */ = {isa = PBXBuildFile; fileRef = E00B473B2885D6E4009D13DF /* Service.swift */; };
		E04F9D5B2884B7F300784C44 /* AppDelegate.swift in Sources */ = {isa = PBXBuildFile; fileRef = E04F9D5A2884B7F300784C44 /* AppDelegate.swift */; };
		E04F9D5D2884B7F300784C44 /* SceneDelegate.swift in Sources */ = {isa = PBXBuildFile; fileRef = E04F9D5C2884B7F300784C44 /* SceneDelegate.swift */; };
		E04F9D5F2884B7F300784C44 /* ViewController.swift in Sources */ = {isa = PBXBuildFile; fileRef = E04F9D5E2884B7F300784C44 /* ViewController.swift */; };
		E04F9D642884B7F400784C44 /* Assets.xcassets in Resources */ = {isa = PBXBuildFile; fileRef = E04F9D632884B7F400784C44 /* Assets.xcassets */; };
		E04F9D672884B7F400784C44 /* LaunchScreen.storyboard in Resources */ = {isa = PBXBuildFile; fileRef = E04F9D652884B7F400784C44 /* LaunchScreen.storyboard */; };
		E04F9D722884B7F400784C44 /* iOS_Application_AlterSolutionsTests.swift in Sources */ = {isa = PBXBuildFile; fileRef = E04F9D712884B7F400784C44 /* iOS_Application_AlterSolutionsTests.swift */; };
		E04F9D7D2884B7F400784C44 /* iOS_Application_AlterSolutionsUITests.swift in Sources */ = {isa = PBXBuildFile; fileRef = E04F9D7C2884B7F400784C44 /* iOS_Application_AlterSolutionsUITests.swift */; };
		E04F9D922884BA0200784C44 /*  PokemonCollectionViewController.swift in Sources */ = {isa = PBXBuildFile; fileRef = E04F9D912884BA0200784C44 /*  PokemonCollectionViewController.swift */; };
		E04F9D942884C2EA00784C44 /* Extension.swift in Sources */ = {isa = PBXBuildFile; fileRef = E04F9D932884C2EA00784C44 /* Extension.swift */; };
		E04F9D962884CE2C00784C44 /* PokemonCollectionCell.swift in Sources */ = {isa = PBXBuildFile; fileRef = E04F9D952884CE2C00784C44 /* PokemonCollectionCell.swift */; };
/* End PBXBuildFile section */

/* Begin PBXContainerItemProxy section */
		E04F9D6E2884B7F400784C44 /* PBXContainerItemProxy */ = {
			isa = PBXContainerItemProxy;
			containerPortal = E04F9D4F2884B7F300784C44 /* Project object */;
			proxyType = 1;
			remoteGlobalIDString = E04F9D562884B7F300784C44;
			remoteInfo = "iOS-Application-AlterSolutions";
		};
		E04F9D792884B7F400784C44 /* PBXContainerItemProxy */ = {
			isa = PBXContainerItemProxy;
			containerPortal = E04F9D4F2884B7F300784C44 /* Project object */;
			proxyType = 1;
			remoteGlobalIDString = E04F9D562884B7F300784C44;
			remoteInfo = "iOS-Application-AlterSolutions";
		};
/* End PBXContainerItemProxy section */

/* Begin PBXFileReference section */
		E00B47392885A0CB009D13DF /* PokemonModel.swift */ = {isa = PBXFileReference; lastKnownFileType = sourcecode.swift; path = PokemonModel.swift; sourceTree = "<group>"; };
		E00B473B2885D6E4009D13DF /* Service.swift */ = {isa = PBXFileReference; lastKnownFileType = sourcecode.swift; path = Service.swift; sourceTree = "<group>"; };
		E04F9D572884B7F300784C44 /* iOS-Application-AlterSolutions.app */ = {isa = PBXFileReference; explicitFileType = wrapper.application; includeInIndex = 0; path = "iOS-Application-AlterSolutions.app"; sourceTree = BUILT_PRODUCTS_DIR; };
		E04F9D5A2884B7F300784C44 /* AppDelegate.swift */ = {isa = PBXFileReference; lastKnownFileType = sourcecode.swift; path = AppDelegate.swift; sourceTree = "<group>"; };
		E04F9D5C2884B7F300784C44 /* SceneDelegate.swift */ = {isa = PBXFileReference; lastKnownFileType = sourcecode.swift; path = SceneDelegate.swift; sourceTree = "<group>"; };
		E04F9D5E2884B7F300784C44 /* ViewController.swift */ = {isa = PBXFileReference; lastKnownFileType = sourcecode.swift; path = ViewController.swift; sourceTree = "<group>"; };
		E04F9D632884B7F400784C44 /* Assets.xcassets */ = {isa = PBXFileReference; lastKnownFileType = folder.assetcatalog; path = Assets.xcassets; sourceTree = "<group>"; };
		E04F9D662884B7F400784C44 /* Base */ = {isa = PBXFileReference; lastKnownFileType = file.storyboard; name = Base; path = Base.lproj/LaunchScreen.storyboard; sourceTree = "<group>"; };
		E04F9D682884B7F400784C44 /* Info.plist */ = {isa = PBXFileReference; lastKnownFileType = text.plist.xml; path = Info.plist; sourceTree = "<group>"; };
		E04F9D6D2884B7F400784C44 /* iOS-Application-AlterSolutionsTests.xctest */ = {isa = PBXFileReference; explicitFileType = wrapper.cfbundle; includeInIndex = 0; path = "iOS-Application-AlterSolutionsTests.xctest"; sourceTree = BUILT_PRODUCTS_DIR; };
		E04F9D712884B7F400784C44 /* iOS_Application_AlterSolutionsTests.swift */ = {isa = PBXFileReference; lastKnownFileType = sourcecode.swift; path = iOS_Application_AlterSolutionsTests.swift; sourceTree = "<group>"; };
		E04F9D732884B7F400784C44 /* Info.plist */ = {isa = PBXFileReference; lastKnownFileType = text.plist.xml; path = Info.plist; sourceTree = "<group>"; };
		E04F9D782884B7F400784C44 /* iOS-Application-AlterSolutionsUITests.xctest */ = {isa = PBXFileReference; explicitFileType = wrapper.cfbundle; includeInIndex = 0; path = "iOS-Application-AlterSolutionsUITests.xctest"; sourceTree = BUILT_PRODUCTS_DIR; };
		E04F9D7C2884B7F400784C44 /* iOS_Application_AlterSolutionsUITests.swift */ = {isa = PBXFileReference; lastKnownFileType = sourcecode.swift; path = iOS_Application_AlterSolutionsUITests.swift; sourceTree = "<group>"; };
		E04F9D7E2884B7F400784C44 /* Info.plist */ = {isa = PBXFileReference; lastKnownFileType = text.plist.xml; path = Info.plist; sourceTree = "<group>"; };
		E04F9D912884BA0200784C44 /*  PokemonCollectionViewController.swift */ = {isa = PBXFileReference; lastKnownFileType = sourcecode.swift; path = " PokemonCollectionViewController.swift"; sourceTree = "<group>"; };
		E04F9D932884C2EA00784C44 /* Extension.swift */ = {isa = PBXFileReference; lastKnownFileType = sourcecode.swift; path = Extension.swift; sourceTree = "<group>"; };
		E04F9D952884CE2C00784C44 /* PokemonCollectionCell.swift */ = {isa = PBXFileReference; lastKnownFileType = sourcecode.swift; path = PokemonCollectionCell.swift; sourceTree = "<group>"; };
/* End PBXFileReference section */

/* Begin PBXFrameworksBuildPhase section */
		E04F9D542884B7F300784C44 /* Frameworks */ = {
			isa = PBXFrameworksBuildPhase;
			buildActionMask = 2147483647;
			files = (
			);
			runOnlyForDeploymentPostprocessing = 0;
		};
		E04F9D6A2884B7F400784C44 /* Frameworks */ = {
			isa = PBXFrameworksBuildPhase;
			buildActionMask = 2147483647;
			files = (
			);
			runOnlyForDeploymentPostprocessing = 0;
		};
		E04F9D752884B7F400784C44 /* Frameworks */ = {
			isa = PBXFrameworksBuildPhase;
			buildActionMask = 2147483647;
			files = (
			);
			runOnlyForDeploymentPostprocessing = 0;
		};
/* End PBXFrameworksBuildPhase section */

/* Begin PBXGroup section */
		E04F9D4E2884B7F300784C44 = {
			isa = PBXGroup;
			children = (
				E04F9D592884B7F300784C44 /* iOS-Application-AlterSolutions */,
				E04F9D702884B7F400784C44 /* iOS-Application-AlterSolutionsTests */,
				E04F9D7B2884B7F400784C44 /* iOS-Application-AlterSolutionsUITests */,
				E04F9D582884B7F300784C44 /* Products */,
			);
			sourceTree = "<group>";
		};
		E04F9D582884B7F300784C44 /* Products */ = {
			isa = PBXGroup;
			children = (
				E04F9D572884B7F300784C44 /* iOS-Application-AlterSolutions.app */,
				E04F9D6D2884B7F400784C44 /* iOS-Application-AlterSolutionsTests.xctest */,
				E04F9D782884B7F400784C44 /* iOS-Application-AlterSolutionsUITests.xctest */,
			);
			name = Products;
			sourceTree = "<group>";
		};
		E04F9D592884B7F300784C44 /* iOS-Application-AlterSolutions */ = {
			isa = PBXGroup;
			children = (
				E04F9D8E2884B82A00784C44 /* Model */,
				E04F9D8D2884B82400784C44 /* View */,
				E04F9D8C2884B82100784C44 /* Controller */,
				E04F9D8B2884B81C00784C44 /* Service */,
				E04F9D8A2884B81400784C44 /* Extensions */,
				E04F9D5A2884B7F300784C44 /* AppDelegate.swift */,
				E04F9D5C2884B7F300784C44 /* SceneDelegate.swift */,
				E04F9D5E2884B7F300784C44 /* ViewController.swift */,
				E04F9D632884B7F400784C44 /* Assets.xcassets */,
				E04F9D652884B7F400784C44 /* LaunchScreen.storyboard */,
				E04F9D682884B7F400784C44 /* Info.plist */,
			);
			path = "iOS-Application-AlterSolutions";
			sourceTree = "<group>";
		};
		E04F9D702884B7F400784C44 /* iOS-Application-AlterSolutionsTests */ = {
			isa = PBXGroup;
			children = (
				E04F9D712884B7F400784C44 /* iOS_Application_AlterSolutionsTests.swift */,
				E04F9D732884B7F400784C44 /* Info.plist */,
			);
			path = "iOS-Application-AlterSolutionsTests";
			sourceTree = "<group>";
		};
		E04F9D7B2884B7F400784C44 /* iOS-Application-AlterSolutionsUITests */ = {
			isa = PBXGroup;
			children = (
				E04F9D7C2884B7F400784C44 /* iOS_Application_AlterSolutionsUITests.swift */,
				E04F9D7E2884B7F400784C44 /* Info.plist */,
			);
			path = "iOS-Application-AlterSolutionsUITests";
			sourceTree = "<group>";
		};
		E04F9D8A2884B81400784C44 /* Extensions */ = {
			isa = PBXGroup;
			children = (
				E04F9D932884C2EA00784C44 /* Extension.swift */,
			);
			path = Extensions;
			sourceTree = "<group>";
		};
		E04F9D8B2884B81C00784C44 /* Service */ = {
			isa = PBXGroup;
			children = (
				E00B473B2885D6E4009D13DF /* Service.swift */,
			);
			path = Service;
			sourceTree = "<group>";
		};
		E04F9D8C2884B82100784C44 /* Controller */ = {
			isa = PBXGroup;
			children = (
				E04F9D912884BA0200784C44 /*  PokemonCollectionViewController.swift */,
			);
			path = Controller;
			sourceTree = "<group>";
		};
		E04F9D8D2884B82400784C44 /* View */ = {
			isa = PBXGroup;
			children = (
				E04F9D952884CE2C00784C44 /* PokemonCollectionCell.swift */,
			);
			path = View;
			sourceTree = "<group>";
		};
		E04F9D8E2884B82A00784C44 /* Model */ = {
			isa = PBXGroup;
			children = (
				E00B47392885A0CB009D13DF /* PokemonModel.swift */,
			);
			path = Model;
			sourceTree = "<group>";
		};
/* End PBXGroup section */

/* Begin PBXNativeTarget section */
		E04F9D562884B7F300784C44 /* iOS-Application-AlterSolutions */ = {
			isa = PBXNativeTarget;
			buildConfigurationList = E04F9D812884B7F500784C44 /* Build configuration list for PBXNativeTarget "iOS-Application-AlterSolutions" */;
			buildPhases = (
				E04F9D532884B7F300784C44 /* Sources */,
				E04F9D542884B7F300784C44 /* Frameworks */,
				E04F9D552884B7F300784C44 /* Resources */,
			);
			buildRules = (
			);
			dependencies = (
			);
			name = "iOS-Application-AlterSolutions";
			productName = "iOS-Application-AlterSolutions";
			productReference = E04F9D572884B7F300784C44 /* iOS-Application-AlterSolutions.app */;
			productType = "com.apple.product-type.application";
		};
		E04F9D6C2884B7F400784C44 /* iOS-Application-AlterSolutionsTests */ = {
			isa = PBXNativeTarget;
			buildConfigurationList = E04F9D842884B7F500784C44 /* Build configuration list for PBXNativeTarget "iOS-Application-AlterSolutionsTests" */;
			buildPhases = (
				E04F9D692884B7F400784C44 /* Sources */,
				E04F9D6A2884B7F400784C44 /* Frameworks */,
				E04F9D6B2884B7F400784C44 /* Resources */,
			);
			buildRules = (
			);
			dependencies = (
				E04F9D6F2884B7F400784C44 /* PBXTargetDependency */,
			);
			name = "iOS-Application-AlterSolutionsTests";
			productName = "iOS-Application-AlterSolutionsTests";
			productReference = E04F9D6D2884B7F400784C44 /* iOS-Application-AlterSolutionsTests.xctest */;
			productType = "com.apple.product-type.bundle.unit-test";
		};
		E04F9D772884B7F400784C44 /* iOS-Application-AlterSolutionsUITests */ = {
			isa = PBXNativeTarget;
			buildConfigurationList = E04F9D872884B7F500784C44 /* Build configuration list for PBXNativeTarget "iOS-Application-AlterSolutionsUITests" */;
			buildPhases = (
				E04F9D742884B7F400784C44 /* Sources */,
				E04F9D752884B7F400784C44 /* Frameworks */,
				E04F9D762884B7F400784C44 /* Resources */,
			);
			buildRules = (
			);
			dependencies = (
				E04F9D7A2884B7F400784C44 /* PBXTargetDependency */,
			);
			name = "iOS-Application-AlterSolutionsUITests";
			productName = "iOS-Application-AlterSolutionsUITests";
			productReference = E04F9D782884B7F400784C44 /* iOS-Application-AlterSolutionsUITests.xctest */;
			productType = "com.apple.product-type.bundle.ui-testing";
		};
/* End PBXNativeTarget section */

/* Begin PBXProject section */
		E04F9D4F2884B7F300784C44 /* Project object */ = {
			isa = PBXProject;
			attributes = {
				LastSwiftUpdateCheck = 1130;
				LastUpgradeCheck = 1130;
				ORGANIZATIONNAME = "Otavio Brito";
				TargetAttributes = {
					E04F9D562884B7F300784C44 = {
						CreatedOnToolsVersion = 11.3.1;
					};
					E04F9D6C2884B7F400784C44 = {
						CreatedOnToolsVersion = 11.3.1;
						TestTargetID = E04F9D562884B7F300784C44;
					};
					E04F9D772884B7F400784C44 = {
						CreatedOnToolsVersion = 11.3.1;
						TestTargetID = E04F9D562884B7F300784C44;
					};
				};
			};
			buildConfigurationList = E04F9D522884B7F300784C44 /* Build configuration list for PBXProject "iOS-Application-AlterSolutions" */;
			compatibilityVersion = "Xcode 9.3";
			developmentRegion = en;
			hasScannedForEncodings = 0;
			knownRegions = (
				en,
				Base,
			);
			mainGroup = E04F9D4E2884B7F300784C44;
			productRefGroup = E04F9D582884B7F300784C44 /* Products */;
			projectDirPath = "";
			projectRoot = "";
			targets = (
				E04F9D562884B7F300784C44 /* iOS-Application-AlterSolutions */,
				E04F9D6C2884B7F400784C44 /* iOS-Application-AlterSolutionsTests */,
				E04F9D772884B7F400784C44 /* iOS-Application-AlterSolutionsUITests */,
			);
		};
/* End PBXProject section */

/* Begin PBXResourcesBuildPhase section */
		E04F9D552884B7F300784C44 /* Resources */ = {
			isa = PBXResourcesBuildPhase;
			buildActionMask = 2147483647;
			files = (
				E04F9D672884B7F400784C44 /* LaunchScreen.storyboard in Resources */,
				E04F9D642884B7F400784C44 /* Assets.xcassets in Resources */,
			);
			runOnlyForDeploymentPostprocessing = 0;
		};
		E04F9D6B2884B7F400784C44 /* Resources */ = {
			isa = PBXResourcesBuildPhase;
			buildActionMask = 2147483647;
			files = (
			);
			runOnlyForDeploymentPostprocessing = 0;
		};
		E04F9D762884B7F400784C44 /* Resources */ = {
			isa = PBXResourcesBuildPhase;
			buildActionMask = 2147483647;
			files = (
			);
			runOnlyForDeploymentPostprocessing = 0;
		};
/* End PBXResourcesBuildPhase section */

/* Begin PBXSourcesBuildPhase section */
		E04F9D532884B7F300784C44 /* Sources */ = {
			isa = PBXSourcesBuildPhase;
			buildActionMask = 2147483647;
			files = (
				E04F9D942884C2EA00784C44 /* Extension.swift in Sources */,
				E00B473C2885D6E4009D13DF /* Service.swift in Sources */,
				E04F9D922884BA0200784C44 /*  PokemonCollectionViewController.swift in Sources */,
				E04F9D5F2884B7F300784C44 /* ViewController.swift in Sources */,
				E04F9D5B2884B7F300784C44 /* AppDelegate.swift in Sources */,
				E00B473A2885A0CB009D13DF /* PokemonModel.swift in Sources */,
				E04F9D5D2884B7F300784C44 /* SceneDelegate.swift in Sources */,
				E04F9D962884CE2C00784C44 /* PokemonCollectionCell.swift in Sources */,
			);
			runOnlyForDeploymentPostprocessing = 0;
		};
		E04F9D692884B7F400784C44 /* Sources */ = {
			isa = PBXSourcesBuildPhase;
			buildActionMask = 2147483647;
			files = (
				E04F9D722884B7F400784C44 /* iOS_Application_AlterSolutionsTests.swift in Sources */,
			);
			runOnlyForDeploymentPostprocessing = 0;
		};
		E04F9D742884B7F400784C44 /* Sources */ = {
			isa = PBXSourcesBuildPhase;
			buildActionMask = 2147483647;
			files = (
				E04F9D7D2884B7F400784C44 /* iOS_Application_AlterSolutionsUITests.swift in Sources */,
			);
			runOnlyForDeploymentPostprocessing = 0;
		};
/* End PBXSourcesBuildPhase section */

/* Begin PBXTargetDependency section */
		E04F9D6F2884B7F400784C44 /* PBXTargetDependency */ = {
			isa = PBXTargetDependency;
			target = E04F9D562884B7F300784C44 /* iOS-Application-AlterSolutions */;
			targetProxy = E04F9D6E2884B7F400784C44 /* PBXContainerItemProxy */;
		};
		E04F9D7A2884B7F400784C44 /* PBXTargetDependency */ = {
			isa = PBXTargetDependency;
			target = E04F9D562884B7F300784C44 /* iOS-Application-AlterSolutions */;
			targetProxy = E04F9D792884B7F400784C44 /* PBXContainerItemProxy */;
		};
/* End PBXTargetDependency section */

/* Begin PBXVariantGroup section */
		E04F9D652884B7F400784C44 /* LaunchScreen.storyboard */ = {
			isa = PBXVariantGroup;
			children = (
				E04F9D662884B7F400784C44 /* Base */,
			);
			name = LaunchScreen.storyboard;
			sourceTree = "<group>";
		};
/* End PBXVariantGroup section */

/* Begin XCBuildConfiguration section */
		E04F9D7F2884B7F500784C44 /* Debug */ = {
			isa = XCBuildConfiguration;
			buildSettings = {
				ALWAYS_SEARCH_USER_PATHS = NO;
				CLANG_ANALYZER_NONNULL = YES;
				CLANG_ANALYZER_NUMBER_OBJECT_CONVERSION = YES_AGGRESSIVE;
				CLANG_CXX_LANGUAGE_STANDARD = "gnu++14";
				CLANG_CXX_LIBRARY = "libc++";
				CLANG_ENABLE_MODULES = YES;
				CLANG_ENABLE_OBJC_ARC = YES;
				CLANG_ENABLE_OBJC_WEAK = YES;
				CLANG_WARN_BLOCK_CAPTURE_AUTORELEASING = YES;
				CLANG_WARN_BOOL_CONVERSION = YES;
				CLANG_WARN_COMMA = YES;
				CLANG_WARN_CONSTANT_CONVERSION = YES;
				CLANG_WARN_DEPRECATED_OBJC_IMPLEMENTATIONS = YES;
				CLANG_WARN_DIRECT_OBJC_ISA_USAGE = YES_ERROR;
				CLANG_WARN_DOCUMENTATION_COMMENTS = YES;
				CLANG_WARN_EMPTY_BODY = YES;
				CLANG_WARN_ENUM_CONVERSION = YES;
				CLANG_WARN_INFINITE_RECURSION = YES;
				CLANG_WARN_INT_CONVERSION = YES;
				CLANG_WARN_NON_LITERAL_NULL_CONVERSION = YES;
				CLANG_WARN_OBJC_IMPLICIT_RETAIN_SELF = YES;
				CLANG_WARN_OBJC_LITERAL_CONVERSION = YES;
				CLANG_WARN_OBJC_ROOT_CLASS = YES_ERROR;
				CLANG_WARN_RANGE_LOOP_ANALYSIS = YES;
				CLANG_WARN_STRICT_PROTOTYPES = YES;
				CLANG_WARN_SUSPICIOUS_MOVE = YES;
				CLANG_WARN_UNGUARDED_AVAILABILITY = YES_AGGRESSIVE;
				CLANG_WARN_UNREACHABLE_CODE = YES;
				CLANG_WARN__DUPLICATE_METHOD_MATCH = YES;
				COPY_PHASE_STRIP = NO;
				DEBUG_INFORMATION_FORMAT = dwarf;
				ENABLE_STRICT_OBJC_MSGSEND = YES;
				ENABLE_TESTABILITY = YES;
				GCC_C_LANGUAGE_STANDARD = gnu11;
				GCC_DYNAMIC_NO_PIC = NO;
				GCC_NO_COMMON_BLOCKS = YES;
				GCC_OPTIMIZATION_LEVEL = 0;
				GCC_PREPROCESSOR_DEFINITIONS = (
					"DEBUG=1",
					"$(inherited)",
				);
				GCC_WARN_64_TO_32_BIT_CONVERSION = YES;
				GCC_WARN_ABOUT_RETURN_TYPE = YES_ERROR;
				GCC_WARN_UNDECLARED_SELECTOR = YES;
				GCC_WARN_UNINITIALIZED_AUTOS = YES_AGGRESSIVE;
				GCC_WARN_UNUSED_FUNCTION = YES;
				GCC_WARN_UNUSED_VARIABLE = YES;
				IPHONEOS_DEPLOYMENT_TARGET = 13.2;
				MTL_ENABLE_DEBUG_INFO = INCLUDE_SOURCE;
				MTL_FAST_MATH = YES;
				ONLY_ACTIVE_ARCH = YES;
				SDKROOT = iphoneos;
				SWIFT_ACTIVE_COMPILATION_CONDITIONS = DEBUG;
				SWIFT_OPTIMIZATION_LEVEL = "-Onone";
			};
			name = Debug;
		};
		E04F9D802884B7F500784C44 /* Release */ = {
			isa = XCBuildConfiguration;
			buildSettings = {
				ALWAYS_SEARCH_USER_PATHS = NO;
				CLANG_ANALYZER_NONNULL = YES;
				CLANG_ANALYZER_NUMBER_OBJECT_CONVERSION = YES_AGGRESSIVE;
				CLANG_CXX_LANGUAGE_STANDARD = "gnu++14";
				CLANG_CXX_LIBRARY = "libc++";
				CLANG_ENABLE_MODULES = YES;
				CLANG_ENABLE_OBJC_ARC = YES;
				CLANG_ENABLE_OBJC_WEAK = YES;
				CLANG_WARN_BLOCK_CAPTURE_AUTORELEASING = YES;
				CLANG_WARN_BOOL_CONVERSION = YES;
				CLANG_WARN_COMMA = YES;
				CLANG_WARN_CONSTANT_CONVERSION = YES;
				CLANG_WARN_DEPRECATED_OBJC_IMPLEMENTATIONS = YES;
				CLANG_WARN_DIRECT_OBJC_ISA_USAGE = YES_ERROR;
				CLANG_WARN_DOCUMENTATION_COMMENTS = YES;
				CLANG_WARN_EMPTY_BODY = YES;
				CLANG_WARN_ENUM_CONVERSION = YES;
				CLANG_WARN_INFINITE_RECURSION = YES;
				CLANG_WARN_INT_CONVERSION = YES;
				CLANG_WARN_NON_LITERAL_NULL_CONVERSION = YES;
				CLANG_WARN_OBJC_IMPLICIT_RETAIN_SELF = YES;
				CLANG_WARN_OBJC_LITERAL_CONVERSION = YES;
				CLANG_WARN_OBJC_ROOT_CLASS = YES_ERROR;
				CLANG_WARN_RANGE_LOOP_ANALYSIS = YES;
				CLANG_WARN_STRICT_PROTOTYPES = YES;
				CLANG_WARN_SUSPICIOUS_MOVE = YES;
				CLANG_WARN_UNGUARDED_AVAILABILITY = YES_AGGRESSIVE;
				CLANG_WARN_UNREACHABLE_CODE = YES;
				CLANG_WARN__DUPLICATE_METHOD_MATCH = YES;
				COPY_PHASE_STRIP = NO;
				DEBUG_INFORMATION_FORMAT = "dwarf-with-dsym";
				ENABLE_NS_ASSERTIONS = NO;
				ENABLE_STRICT_OBJC_MSGSEND = YES;
				GCC_C_LANGUAGE_STANDARD = gnu11;
				GCC_NO_COMMON_BLOCKS = YES;
				GCC_WARN_64_TO_32_BIT_CONVERSION = YES;
				GCC_WARN_ABOUT_RETURN_TYPE = YES_ERROR;
				GCC_WARN_UNDECLARED_SELECTOR = YES;
				GCC_WARN_UNINITIALIZED_AUTOS = YES_AGGRESSIVE;
				GCC_WARN_UNUSED_FUNCTION = YES;
				GCC_WARN_UNUSED_VARIABLE = YES;
				IPHONEOS_DEPLOYMENT_TARGET = 13.2;
				MTL_ENABLE_DEBUG_INFO = NO;
				MTL_FAST_MATH = YES;
				SDKROOT = iphoneos;
				SWIFT_COMPILATION_MODE = wholemodule;
				SWIFT_OPTIMIZATION_LEVEL = "-O";
				VALIDATE_PRODUCT = YES;
			};
			name = Release;
		};
		E04F9D822884B7F500784C44 /* Debug */ = {
			isa = XCBuildConfiguration;
			buildSettings = {
				ASSETCATALOG_COMPILER_APPICON_NAME = AppIcon;
				CODE_SIGN_STYLE = Automatic;
				INFOPLIST_FILE = "iOS-Application-AlterSolutions/Info.plist";
				IPHONEOS_DEPLOYMENT_TARGET = 13.2;
				LD_RUNPATH_SEARCH_PATHS = (
					"$(inherited)",
					"@executable_path/Frameworks",
				);
				ONLY_ACTIVE_ARCH = NO;
				PRODUCT_BUNDLE_IDENTIFIER = "otaviob.iOS-Application-AlterSolutions";
				PRODUCT_NAME = "$(TARGET_NAME)";
				SWIFT_VERSION = 5.0;
				TARGETED_DEVICE_FAMILY = "1,2";
			};
			name = Debug;
		};
		E04F9D832884B7F500784C44 /* Release */ = {
			isa = XCBuildConfiguration;
			buildSettings = {
				ASSETCATALOG_COMPILER_APPICON_NAME = AppIcon;
				CODE_SIGN_STYLE = Automatic;
				INFOPLIST_FILE = "iOS-Application-AlterSolutions/Info.plist";
				IPHONEOS_DEPLOYMENT_TARGET = 13.2;
				LD_RUNPATH_SEARCH_PATHS = (
					"$(inherited)",
					"@executable_path/Frameworks",
				);
				ONLY_ACTIVE_ARCH = NO;
				PRODUCT_BUNDLE_IDENTIFIER = "otaviob.iOS-Application-AlterSolutions";
				PRODUCT_NAME = "$(TARGET_NAME)";
				SWIFT_VERSION = 5.0;
				TARGETED_DEVICE_FAMILY = "1,2";
			};
			name = Release;
		};
		E04F9D852884B7F500784C44 /* Debug */ = {
			isa = XCBuildConfiguration;
			buildSettings = {
				ALWAYS_EMBED_SWIFT_STANDARD_LIBRARIES = YES;
				BUNDLE_LOADER = "$(TEST_HOST)";
				CODE_SIGN_STYLE = Automatic;
				INFOPLIST_FILE = "iOS-Application-AlterSolutionsTests/Info.plist";
				IPHONEOS_DEPLOYMENT_TARGET = 13.2;
				LD_RUNPATH_SEARCH_PATHS = (
					"$(inherited)",
					"@executable_path/Frameworks",
					"@loader_path/Frameworks",
				);
				PRODUCT_BUNDLE_IDENTIFIER = "otaviob.iOS-Application-AlterSolutionsTests";
				PRODUCT_NAME = "$(TARGET_NAME)";
				SWIFT_VERSION = 5.0;
				TARGETED_DEVICE_FAMILY = "1,2";
				TEST_HOST = "$(BUILT_PRODUCTS_DIR)/iOS-Application-AlterSolutions.app/iOS-Application-AlterSolutions";
			};
			name = Debug;
		};
		E04F9D862884B7F500784C44 /* Release */ = {
			isa = XCBuildConfiguration;
			buildSettings = {
				ALWAYS_EMBED_SWIFT_STANDARD_LIBRARIES = YES;
				BUNDLE_LOADER = "$(TEST_HOST)";
				CODE_SIGN_STYLE = Automatic;
				INFOPLIST_FILE = "iOS-Application-AlterSolutionsTests/Info.plist";
				IPHONEOS_DEPLOYMENT_TARGET = 13.2;
				LD_RUNPATH_SEARCH_PATHS = (
					"$(inherited)",
					"@executable_path/Frameworks",
					"@loader_path/Frameworks",
				);
				PRODUCT_BUNDLE_IDENTIFIER = "otaviob.iOS-Application-AlterSolutionsTests";
				PRODUCT_NAME = "$(TARGET_NAME)";
				SWIFT_VERSION = 5.0;
				TARGETED_DEVICE_FAMILY = "1,2";
				TEST_HOST = "$(BUILT_PRODUCTS_DIR)/iOS-Application-AlterSolutions.app/iOS-Application-AlterSolutions";
			};
			name = Release;
		};
		E04F9D882884B7F500784C44 /* Debug */ = {
			isa = XCBuildConfiguration;
			buildSettings = {
				ALWAYS_EMBED_SWIFT_STANDARD_LIBRARIES = YES;
				CODE_SIGN_STYLE = Automatic;
				INFOPLIST_FILE = "iOS-Application-AlterSolutionsUITests/Info.plist";
				LD_RUNPATH_SEARCH_PATHS = (
					"$(inherited)",
					"@executable_path/Frameworks",
					"@loader_path/Frameworks",
				);
				PRODUCT_BUNDLE_IDENTIFIER = "otaviob.iOS-Application-AlterSolutionsUITests";
				PRODUCT_NAME = "$(TARGET_NAME)";
				SWIFT_VERSION = 5.0;
				TARGETED_DEVICE_FAMILY = "1,2";
				TEST_TARGET_NAME = "iOS-Application-AlterSolutions";
			};
			name = Debug;
		};
		E04F9D892884B7F500784C44 /* Release */ = {
			isa = XCBuildConfiguration;
			buildSettings = {
				ALWAYS_EMBED_SWIFT_STANDARD_LIBRARIES = YES;
				CODE_SIGN_STYLE = Automatic;
				INFOPLIST_FILE = "iOS-Application-AlterSolutionsUITests/Info.plist";
				LD_RUNPATH_SEARCH_PATHS = (
					"$(inherited)",
					"@executable_path/Frameworks",
					"@loader_path/Frameworks",
				);
				PRODUCT_BUNDLE_IDENTIFIER = "otaviob.iOS-Application-AlterSolutionsUITests";
				PRODUCT_NAME = "$(TARGET_NAME)";
				SWIFT_VERSION = 5.0;
				TARGETED_DEVICE_FAMILY = "1,2";
				TEST_TARGET_NAME = "iOS-Application-AlterSolutions";
			};
			name = Release;
		};
/* End XCBuildConfiguration section */

/* Begin XCConfigurationList section */
		E04F9D522884B7F300784C44 /* Build configuration list for PBXProject "iOS-Application-AlterSolutions" */ = {
			isa = XCConfigurationList;
			buildConfigurations = (
				E04F9D7F2884B7F500784C44 /* Debug */,
				E04F9D802884B7F500784C44 /* Release */,
			);
			defaultConfigurationIsVisible = 0;
			defaultConfigurationName = Release;
		};
		E04F9D812884B7F500784C44 /* Build configuration list for PBXNativeTarget "iOS-Application-AlterSolutions" */ = {
			isa = XCConfigurationList;
			buildConfigurations = (
				E04F9D822884B7F500784C44 /* Debug */,
				E04F9D832884B7F500784C44 /* Release */,
			);
			defaultConfigurationIsVisible = 0;
			defaultConfigurationName = Release;
		};
		E04F9D842884B7F500784C44 /* Build configuration list for PBXNativeTarget "iOS-Application-AlterSolutionsTests" */ = {
			isa = XCConfigurationList;
			buildConfigurations = (
				E04F9D852884B7F500784C44 /* Debug */,
				E04F9D862884B7F500784C44 /* Release */,
			);
			defaultConfigurationIsVisible = 0;
			defaultConfigurationName = Release;
		};
		E04F9D872884B7F500784C44 /* Build configuration list for PBXNativeTarget "iOS-Application-AlterSolutionsUITests" */ = {
			isa = XCConfigurationList;
			buildConfigurations = (
				E04F9D882884B7F500784C44 /* Debug */,
				E04F9D892884B7F500784C44 /* Release */,
			);
			defaultConfigurationIsVisible = 0;
			defaultConfigurationName = Release;
		};
/* End XCConfigurationList section */
	};
	rootObject = E04F9D4F2884B7F300784C44 /* Project object */;
}
